
Microsoft Visual Studio Solution File, Format Version 12.00
# Visual Studio 15
Project("{FAE04EC0-301F-11D3-BF4B-00C04F79EFBC}") = "Assembly-CSharp", "Assembly-CSharp.csproj", "{2C10DE69-346A-1AA9-648A-61507AF7A251}"
EndProject
Global
	GlobalSection(SolutionConfigurationPlatforms) = preSolution
		Debug|Any CPU = Debug|Any CPU
		Release|Any CPU = Release|Any CPU
	EndGlobalSection
	GlobalSection(ProjectConfigurationPlatforms) = postSolution
		{2C10DE69-346A-1AA9-648A-61507AF7A251}.Debug|Any CPU.ActiveCfg = Debug|Any CPU
		{2C10DE69-346A-1AA9-648A-61507AF7A251}.Debug|Any CPU.Build.0 = Debug|Any CPU
		{2C10DE69-346A-1AA9-648A-61507AF7A251}.Release|Any CPU.ActiveCfg = Release|Any CPU
		{2C10DE69-346A-1AA9-648A-61507AF7A251}.Release|Any CPU.Build.0 = Release|Any CPU
	EndGlobalSection
	GlobalSection(SolutionProperties) = preSolution
		HideSolutionNode = FALSE
	EndGlobalSection
EndGlobal
